
Microsoft Visual Studio Solution File, Format Version 12.00
# Visual Studio Version 16
VisualStudioVersion = 16.0.31205.134
MinimumVisualStudioVersion = 10.0.40219.1
Project("{FAE04EC0-301F-11D3-BF4B-00C04F79EFBC}") = "Ejemplo1_Threads", "Ejemplo1_Threads\Ejemplo1_Threads.csproj", "{B3876D60-4FB0-4875-B9D2-92CF09BA0F8A}"
EndProject
Global
	GlobalSection(SolutionConfigurationPlatforms) = preSolution
		Debug|Any CPU = Debug|Any CPU
		Release|Any CPU = Release|Any CPU
	EndGlobalSection
	GlobalSection(ProjectConfigurationPlatforms) = postSolution
		{B3876D60-4FB0-4875-B9D2-92CF09BA0F8A}.Debug|Any CPU.ActiveCfg = Debug|Any CPU
		{B3876D60-4FB0-4875-B9D2-92CF09BA0F8A}.Debug|Any CPU.Build.0 = Debug|Any CPU
		{B3876D60-4FB0-4875-B9D2-92CF09BA0F8A}.Release|Any CPU.ActiveCfg = Release|Any CPU
		{B3876D60-4FB0-4875-B9D2-92CF09BA0F8A}.Release|Any CPU.Build.0 = Release|Any CPU
	EndGlobalSection
	GlobalSection(SolutionProperties) = preSolution
		HideSolutionNode = FALSE
	EndGlobalSection
	GlobalSection(ExtensibilityGlobals) = postSolution
		SolutionGuid = {600E1D12-54EE-4D57-B6DF-7F46143FD61E}
	EndGlobalSection
EndGlobal
